
Microsoft Visual Studio Solution File, Format Version 12.00
# Visual Studio 15
VisualStudioVersion = 15.0.26730.16
MinimumVisualStudioVersion = 10.0.40219.1
Project("{FAE04EC0-301F-11D3-BF4B-00C04F79EFBC}") = "EZB.Build", "EZB.Build\EZB.Build.csproj", "{4C896A4A-6B24-46A7-B42D-B5E544D6B444}"
EndProject
Project("{FAE04EC0-301F-11D3-BF4B-00C04F79EFBC}") = "EZB.BuildEngine", "EZB.BuildEngine\EZB.BuildEngine.csproj", "{B4182846-914F-4AEF-B2C5-8745144A8668}"
EndProject
Global
	GlobalSection(SolutionConfigurationPlatforms) = preSolution
		Debug|Any CPU = Debug|Any CPU
		Release|Any CPU = Release|Any CPU
	EndGlobalSection
	GlobalSection(ProjectConfigurationPlatforms) = postSolution
		{4C896A4A-6B24-46A7-B42D-B5E544D6B444}.Debug|Any CPU.ActiveCfg = Debug|Any CPU
		{4C896A4A-6B24-46A7-B42D-B5E544D6B444}.Debug|Any CPU.Build.0 = Debug|Any CPU
		{4C896A4A-6B24-46A7-B42D-B5E544D6B444}.Release|Any CPU.ActiveCfg = Release|Any CPU
		{4C896A4A-6B24-46A7-B42D-B5E544D6B444}.Release|Any CPU.Build.0 = Release|Any CPU
		{B4182846-914F-4AEF-B2C5-8745144A8668}.Debug|Any CPU.ActiveCfg = Debug|Any CPU
		{B4182846-914F-4AEF-B2C5-8745144A8668}.Debug|Any CPU.Build.0 = Debug|Any CPU
		{B4182846-914F-4AEF-B2C5-8745144A8668}.Release|Any CPU.ActiveCfg = Release|Any CPU
		{B4182846-914F-4AEF-B2C5-8745144A8668}.Release|Any CPU.Build.0 = Release|Any CPU
	EndGlobalSection
	GlobalSection(SolutionProperties) = preSolution
		HideSolutionNode = FALSE
	EndGlobalSection
	GlobalSection(ExtensibilityGlobals) = postSolution
		SolutionGuid = {A52E64BC-9EC6-4729-A940-B4B1FAFD26A7}
	EndGlobalSection
EndGlobal
